
Microsoft Visual Studio Solution File, Format Version 12.00
# Visual Studio 15
Project("{FAE04EC0-301F-11D3-BF4B-00C04F79EFBC}") = "leeftijd", "leeftijd\leeftijd.csproj", "{26C69141-6590-4916-AFFE-4321205A53DE}"
EndProject
Global
	GlobalSection(SolutionConfigurationPlatforms) = preSolution
		Debug|anycpu = Debug|anycpu
		Release|anycpu = Release|anycpu
	EndGlobalSection
	GlobalSection(ProjectConfigurationPlatforms) = postSolution
		{26C69141-6590-4916-AFFE-4321205A53DE}.Debug|anycpu.ActiveCfg = Debug|anycpu
		{26C69141-6590-4916-AFFE-4321205A53DE}.Debug|anycpu.Build.0 = Debug|anycpu
		{26C69141-6590-4916-AFFE-4321205A53DE}.Release|anycpu.ActiveCfg = Release|anycpu
		{26C69141-6590-4916-AFFE-4321205A53DE}.Release|anycpu.Build.0 = Release|anycpu
	EndGlobalSection
EndGlobal
